// !$*UTF8*$!
{
	archiveVersion = 1;
	classes = {
	};
	objectVersion = 51;
	objects = {

/* Begin PBXBuildFile section */
		A296F6B525D78A060032F1F7 /* IGFeedPostTableViewCell.swift in Sources */ = {isa = PBXBuildFile; fileRef = A296F6B425D78A060032F1F7 /* IGFeedPostTableViewCell.swift */; };
		A296F6B825D78E100032F1F7 /* IGFeedPostHeaderTableViewCell.swift in Sources */ = {isa = PBXBuildFile; fileRef = A296F6B725D78E100032F1F7 /* IGFeedPostHeaderTableViewCell.swift */; };
		A296F6BA25D78E4D0032F1F7 /* IGFeedPostActionsTableViewCell.swift in Sources */ = {isa = PBXBuildFile; fileRef = A296F6B925D78E4D0032F1F7 /* IGFeedPostActionsTableViewCell.swift */; };
		A296F6BC25D78E9B0032F1F7 /* IGFeedPostGeneralTableViewCell.swift in Sources */ = {isa = PBXBuildFile; fileRef = A296F6BB25D78E9B0032F1F7 /* IGFeedPostGeneralTableViewCell.swift */; };
		A2A0CAAA25C6C61B00DDE87F /* AppDelegate.swift in Sources */ = {isa = PBXBuildFile; fileRef = A2A0CAA925C6C61B00DDE87F /* AppDelegate.swift */; };
		A2A0CAAC25C6C61B00DDE87F /* SceneDelegate.swift in Sources */ = {isa = PBXBuildFile; fileRef = A2A0CAAB25C6C61B00DDE87F /* SceneDelegate.swift */; };
		A2A0CAAE25C6C61B00DDE87F /* HomeViewController.swift in Sources */ = {isa = PBXBuildFile; fileRef = A2A0CAAD25C6C61B00DDE87F /* HomeViewController.swift */; };
		A2A0CAB125C6C61B00DDE87F /* Main.storyboard in Resources */ = {isa = PBXBuildFile; fileRef = A2A0CAAF25C6C61B00DDE87F /* Main.storyboard */; };
		A2A0CAB325C6C62100DDE87F /* Assets.xcassets in Resources */ = {isa = PBXBuildFile; fileRef = A2A0CAB225C6C62100DDE87F /* Assets.xcassets */; };
		A2A0CAB625C6C62100DDE87F /* LaunchScreen.storyboard in Resources */ = {isa = PBXBuildFile; fileRef = A2A0CAB425C6C62100DDE87F /* LaunchScreen.storyboard */; };
		A2A0CAC325C6C7DE00DDE87F /* ExploreViewController.swift in Sources */ = {isa = PBXBuildFile; fileRef = A2A0CAC225C6C7DE00DDE87F /* ExploreViewController.swift */; };
		A2A0CAC525C6C80C00DDE87F /* CameraViewController.swift in Sources */ = {isa = PBXBuildFile; fileRef = A2A0CAC425C6C80C00DDE87F /* CameraViewController.swift */; };
		A2A0CAC725C6C82300DDE87F /* NotificationViewController.swift in Sources */ = {isa = PBXBuildFile; fileRef = A2A0CAC625C6C82300DDE87F /* NotificationViewController.swift */; };
		A2A0CAC925C6C83000DDE87F /* ProfileViewController.swift in Sources */ = {isa = PBXBuildFile; fileRef = A2A0CAC825C6C83000DDE87F /* ProfileViewController.swift */; };
		A2A0CACE25C6C8B300DDE87F /* LoginViewController.swift in Sources */ = {isa = PBXBuildFile; fileRef = A2A0CACD25C6C8B300DDE87F /* LoginViewController.swift */; };
		A2A0CAD025C6C8CD00DDE87F /* RegistrationViewController.swift in Sources */ = {isa = PBXBuildFile; fileRef = A2A0CACF25C6C8CD00DDE87F /* RegistrationViewController.swift */; };
		A2A0CAD225C6C90600DDE87F /* PostViewController.swift in Sources */ = {isa = PBXBuildFile; fileRef = A2A0CAD125C6C90600DDE87F /* PostViewController.swift */; };
		A2A0CAD425C6C93B00DDE87F /* EditProfileViewController.swift in Sources */ = {isa = PBXBuildFile; fileRef = A2A0CAD325C6C93B00DDE87F /* EditProfileViewController.swift */; };
		A2A0CAD625C6C94C00DDE87F /* SettingsViewController.swift in Sources */ = {isa = PBXBuildFile; fileRef = A2A0CAD525C6C94C00DDE87F /* SettingsViewController.swift */; };
		A2A0CAD825C6C95D00DDE87F /* ListViewController.swift in Sources */ = {isa = PBXBuildFile; fileRef = A2A0CAD725C6C95D00DDE87F /* ListViewController.swift */; };
		A2A0CADA25C6C96E00DDE87F /* SearchViewController.swift in Sources */ = {isa = PBXBuildFile; fileRef = A2A0CAD925C6C96E00DDE87F /* SearchViewController.swift */; };
		A2A0CADC25C6C98800DDE87F /* SearchResultViewController.swift in Sources */ = {isa = PBXBuildFile; fileRef = A2A0CADB25C6C98800DDE87F /* SearchResultViewController.swift */; };
		A2A0CADE25C6C9C400DDE87F /* PostEditorViewController.swift in Sources */ = {isa = PBXBuildFile; fileRef = A2A0CADD25C6C9C400DDE87F /* PostEditorViewController.swift */; };
		A2A0CAE025C6C9DD00DDE87F /* PublishPostViewController.swift in Sources */ = {isa = PBXBuildFile; fileRef = A2A0CADF25C6C9DD00DDE87F /* PublishPostViewController.swift */; };
		A2B9387825C7C91400011B81 /* GoogleService-Info.plist in Resources */ = {isa = PBXBuildFile; fileRef = A2B9387725C7C91400011B81 /* GoogleService-Info.plist */; };
		A2B9387A25C7C9A000011B81 /* DataBaseManager.swift in Sources */ = {isa = PBXBuildFile; fileRef = A2B9387925C7C9A000011B81 /* DataBaseManager.swift */; };
		A2B9387C25C7CAAF00011B81 /* AuthManager.swift in Sources */ = {isa = PBXBuildFile; fileRef = A2B9387B25C7CAAF00011B81 /* AuthManager.swift */; };
		A2B9387E25C7CB1A00011B81 /* StorageManager.swift in Sources */ = {isa = PBXBuildFile; fileRef = A2B9387D25C7CB1A00011B81 /* StorageManager.swift */; };
		A2B9388025C7D2D100011B81 /* Extensions.swift in Sources */ = {isa = PBXBuildFile; fileRef = A2B9387F25C7D2D100011B81 /* Extensions.swift */; };
		A36A9FC98032826F5DDA24F6 /* Pods_cloneInstagram.framework in Frameworks */ = {isa = PBXBuildFile; fileRef = DFFA3F82E9CB36BB36D4842C /* Pods_cloneInstagram.framework */; };
/* End PBXBuildFile section */

/* Begin PBXFileReference section */
		428391C1F4693FED49257F1B /* Pods-cloneInstagram.debug.xcconfig */ = {isa = PBXFileReference; includeInIndex = 1; lastKnownFileType = text.xcconfig; name = "Pods-cloneInstagram.debug.xcconfig"; path = "Target Support Files/Pods-cloneInstagram/Pods-cloneInstagram.debug.xcconfig"; sourceTree = "<group>"; };
		A296F6B425D78A060032F1F7 /* IGFeedPostTableViewCell.swift */ = {isa = PBXFileReference; lastKnownFileType = sourcecode.swift; path = IGFeedPostTableViewCell.swift; sourceTree = "<group>"; };
		A296F6B725D78E100032F1F7 /* IGFeedPostHeaderTableViewCell.swift */ = {isa = PBXFileReference; lastKnownFileType = sourcecode.swift; path = IGFeedPostHeaderTableViewCell.swift; sourceTree = "<group>"; };
		A296F6B925D78E4D0032F1F7 /* IGFeedPostActionsTableViewCell.swift */ = {isa = PBXFileReference; lastKnownFileType = sourcecode.swift; path = IGFeedPostActionsTableViewCell.swift; sourceTree = "<group>"; };
		A296F6BB25D78E9B0032F1F7 /* IGFeedPostGeneralTableViewCell.swift */ = {isa = PBXFileReference; lastKnownFileType = sourcecode.swift; path = IGFeedPostGeneralTableViewCell.swift; sourceTree = "<group>"; };
		A2A0CAA625C6C61B00DDE87F /* cloneInstagram.app */ = {isa = PBXFileReference; explicitFileType = wrapper.application; includeInIndex = 0; path = cloneInstagram.app; sourceTree = BUILT_PRODUCTS_DIR; };
		A2A0CAA925C6C61B00DDE87F /* AppDelegate.swift */ = {isa = PBXFileReference; lastKnownFileType = sourcecode.swift; path = AppDelegate.swift; sourceTree = "<group>"; };
		A2A0CAAB25C6C61B00DDE87F /* SceneDelegate.swift */ = {isa = PBXFileReference; lastKnownFileType = sourcecode.swift; path = SceneDelegate.swift; sourceTree = "<group>"; };
		A2A0CAAD25C6C61B00DDE87F /* HomeViewController.swift */ = {isa = PBXFileReference; lastKnownFileType = sourcecode.swift; path = HomeViewController.swift; sourceTree = "<group>"; };
		A2A0CAB025C6C61B00DDE87F /* Base */ = {isa = PBXFileReference; lastKnownFileType = file.storyboard; name = Base; path = Base.lproj/Main.storyboard; sourceTree = "<group>"; };
		A2A0CAB225C6C62100DDE87F /* Assets.xcassets */ = {isa = PBXFileReference; lastKnownFileType = folder.assetcatalog; path = Assets.xcassets; sourceTree = "<group>"; };
		A2A0CAB525C6C62100DDE87F /* Base */ = {isa = PBXFileReference; lastKnownFileType = file.storyboard; name = Base; path = Base.lproj/LaunchScreen.storyboard; sourceTree = "<group>"; };
		A2A0CAB725C6C62100DDE87F /* Info.plist */ = {isa = PBXFileReference; lastKnownFileType = text.plist.xml; path = Info.plist; sourceTree = "<group>"; };
		A2A0CAC225C6C7DE00DDE87F /* ExploreViewController.swift */ = {isa = PBXFileReference; lastKnownFileType = sourcecode.swift; path = ExploreViewController.swift; sourceTree = "<group>"; };
		A2A0CAC425C6C80C00DDE87F /* CameraViewController.swift */ = {isa = PBXFileReference; lastKnownFileType = sourcecode.swift; path = CameraViewController.swift; sourceTree = "<group>"; };
		A2A0CAC625C6C82300DDE87F /* NotificationViewController.swift */ = {isa = PBXFileReference; lastKnownFileType = sourcecode.swift; path = NotificationViewController.swift; sourceTree = "<group>"; };
		A2A0CAC825C6C83000DDE87F /* ProfileViewController.swift */ = {isa = PBXFileReference; lastKnownFileType = sourcecode.swift; path = ProfileViewController.swift; sourceTree = "<group>"; };
		A2A0CACD25C6C8B300DDE87F /* LoginViewController.swift */ = {isa = PBXFileReference; lastKnownFileType = sourcecode.swift; path = LoginViewController.swift; sourceTree = "<group>"; };
		A2A0CACF25C6C8CD00DDE87F /* RegistrationViewController.swift */ = {isa = PBXFileReference; lastKnownFileType = sourcecode.swift; path = RegistrationViewController.swift; sourceTree = "<group>"; };
		A2A0CAD125C6C90600DDE87F /* PostViewController.swift */ = {isa = PBXFileReference; lastKnownFileType = sourcecode.swift; path = PostViewController.swift; sourceTree = "<group>"; };
		A2A0CAD325C6C93B00DDE87F /* EditProfileViewController.swift */ = {isa = PBXFileReference; lastKnownFileType = sourcecode.swift; path = EditProfileViewController.swift; sourceTree = "<group>"; };
		A2A0CAD525C6C94C00DDE87F /* SettingsViewController.swift */ = {isa = PBXFileReference; lastKnownFileType = sourcecode.swift; path = SettingsViewController.swift; sourceTree = "<group>"; };
		A2A0CAD725C6C95D00DDE87F /* ListViewController.swift */ = {isa = PBXFileReference; lastKnownFileType = sourcecode.swift; path = ListViewController.swift; sourceTree = "<group>"; };
		A2A0CAD925C6C96E00DDE87F /* SearchViewController.swift */ = {isa = PBXFileReference; lastKnownFileType = sourcecode.swift; path = SearchViewController.swift; sourceTree = "<group>"; };
		A2A0CADB25C6C98800DDE87F /* SearchResultViewController.swift */ = {isa = PBXFileReference; lastKnownFileType = sourcecode.swift; path = SearchResultViewController.swift; sourceTree = "<group>"; };
		A2A0CADD25C6C9C400DDE87F /* PostEditorViewController.swift */ = {isa = PBXFileReference; lastKnownFileType = sourcecode.swift; path = PostEditorViewController.swift; sourceTree = "<group>"; };
		A2A0CADF25C6C9DD00DDE87F /* PublishPostViewController.swift */ = {isa = PBXFileReference; lastKnownFileType = sourcecode.swift; path = PublishPostViewController.swift; sourceTree = "<group>"; };
		A2B9387725C7C91400011B81 /* GoogleService-Info.plist */ = {isa = PBXFileReference; fileEncoding = 4; lastKnownFileType = text.plist.xml; path = "GoogleService-Info.plist"; sourceTree = "<group>"; };
		A2B9387925C7C9A000011B81 /* DataBaseManager.swift */ = {isa = PBXFileReference; lastKnownFileType = sourcecode.swift; path = DataBaseManager.swift; sourceTree = "<group>"; };
		A2B9387B25C7CAAF00011B81 /* AuthManager.swift */ = {isa = PBXFileReference; lastKnownFileType = sourcecode.swift; path = AuthManager.swift; sourceTree = "<group>"; };
		A2B9387D25C7CB1A00011B81 /* StorageManager.swift */ = {isa = PBXFileReference; lastKnownFileType = sourcecode.swift; path = StorageManager.swift; sourceTree = "<group>"; };
		A2B9387F25C7D2D100011B81 /* Extensions.swift */ = {isa = PBXFileReference; lastKnownFileType = sourcecode.swift; path = Extensions.swift; sourceTree = "<group>"; };
		C45E8BF45EB456217595A417 /* Pods-cloneInstagram.release.xcconfig */ = {isa = PBXFileReference; includeInIndex = 1; lastKnownFileType = text.xcconfig; name = "Pods-cloneInstagram.release.xcconfig"; path = "Target Support Files/Pods-cloneInstagram/Pods-cloneInstagram.release.xcconfig"; sourceTree = "<group>"; };
		DFFA3F82E9CB36BB36D4842C /* Pods_cloneInstagram.framework */ = {isa = PBXFileReference; explicitFileType = wrapper.framework; includeInIndex = 0; path = Pods_cloneInstagram.framework; sourceTree = BUILT_PRODUCTS_DIR; };
/* End PBXFileReference section */

/* Begin PBXFrameworksBuildPhase section */
		A2A0CAA325C6C61B00DDE87F /* Frameworks */ = {
			isa = PBXFrameworksBuildPhase;
			buildActionMask = 2147483647;
			files = (
				A36A9FC98032826F5DDA24F6 /* Pods_cloneInstagram.framework in Frameworks */,
			);
			runOnlyForDeploymentPostprocessing = 0;
		};
/* End PBXFrameworksBuildPhase section */

/* Begin PBXGroup section */
		1D4225E9546264963F69E005 /* Pods */ = {
			isa = PBXGroup;
			children = (
				428391C1F4693FED49257F1B /* Pods-cloneInstagram.debug.xcconfig */,
				C45E8BF45EB456217595A417 /* Pods-cloneInstagram.release.xcconfig */,
			);
			path = Pods;
			sourceTree = "<group>";
		};
		3FF670CF4A4DA4AF77F90793 /* Frameworks */ = {
			isa = PBXGroup;
			children = (
				DFFA3F82E9CB36BB36D4842C /* Pods_cloneInstagram.framework */,
			);
			name = Frameworks;
			sourceTree = "<group>";
		};
		A296F6B325D789D00032F1F7 /* Cells */ = {
			isa = PBXGroup;
			children = (
				A296F6B625D78DCA0032F1F7 /* Home feed */,
			);
			path = Cells;
			sourceTree = "<group>";
		};
		A296F6B625D78DCA0032F1F7 /* Home feed */ = {
			isa = PBXGroup;
			children = (
				A296F6B425D78A060032F1F7 /* IGFeedPostTableViewCell.swift */,
				A296F6B725D78E100032F1F7 /* IGFeedPostHeaderTableViewCell.swift */,
				A296F6B925D78E4D0032F1F7 /* IGFeedPostActionsTableViewCell.swift */,
				A296F6BB25D78E9B0032F1F7 /* IGFeedPostGeneralTableViewCell.swift */,
			);
			path = "Home feed";
			sourceTree = "<group>";
		};
		A2A0CA9D25C6C61B00DDE87F = {
			isa = PBXGroup;
			children = (
				A2A0CAA825C6C61B00DDE87F /* cloneInstagram */,
				A2A0CAA725C6C61B00DDE87F /* Products */,
				1D4225E9546264963F69E005 /* Pods */,
				3FF670CF4A4DA4AF77F90793 /* Frameworks */,
			);
			sourceTree = "<group>";
		};
		A2A0CAA725C6C61B00DDE87F /* Products */ = {
			isa = PBXGroup;
			children = (
				A2A0CAA625C6C61B00DDE87F /* cloneInstagram.app */,
			);
			name = Products;
			sourceTree = "<group>";
		};
		A2A0CAA825C6C61B00DDE87F /* cloneInstagram */ = {
			isa = PBXGroup;
			children = (
				A2A0CAC025C6C6DB00DDE87F /* Resources */,
				A2A0CABF25C6C6AF00DDE87F /* Model */,
				A2A0CABD25C6C69400DDE87F /* Controllers */,
				A2A0CABE25C6C6A000DDE87F /* Views */,
				A2A0CAB725C6C62100DDE87F /* Info.plist */,
				A2B9387725C7C91400011B81 /* GoogleService-Info.plist */,
			);
			path = cloneInstagram;
			sourceTree = "<group>";
		};
		A2A0CABD25C6C69400DDE87F /* Controllers */ = {
			isa = PBXGroup;
			children = (
				A2A0CACB25C6C87E00DDE87F /* Other */,
				A2A0CACA25C6C84500DDE87F /* Core Tabs */,
			);
			path = Controllers;
			sourceTree = "<group>";
		};
		A2A0CABE25C6C6A000DDE87F /* Views */ = {
			isa = PBXGroup;
			children = (
				A296F6B325D789D00032F1F7 /* Cells */,
				A2A0CAB225C6C62100DDE87F /* Assets.xcassets */,
				A2A0CAC125C6C73A00DDE87F /* Storyboards */,
			);
			path = Views;
			sourceTree = "<group>";
		};
		A2A0CABF25C6C6AF00DDE87F /* Model */ = {
			isa = PBXGroup;
			children = (
			);
			path = Model;
			sourceTree = "<group>";
		};
		A2A0CAC025C6C6DB00DDE87F /* Resources */ = {
			isa = PBXGroup;
			children = (
				A2A0CAA925C6C61B00DDE87F /* AppDelegate.swift */,
				A2A0CAAB25C6C61B00DDE87F /* SceneDelegate.swift */,
				A2B9387925C7C9A000011B81 /* DataBaseManager.swift */,
				A2B9387B25C7CAAF00011B81 /* AuthManager.swift */,
				A2B9387D25C7CB1A00011B81 /* StorageManager.swift */,
				A2B9387F25C7D2D100011B81 /* Extensions.swift */,
			);
			path = Resources;
			sourceTree = "<group>";
		};
		A2A0CAC125C6C73A00DDE87F /* Storyboards */ = {
			isa = PBXGroup;
			children = (
				A2A0CAAF25C6C61B00DDE87F /* Main.storyboard */,
				A2A0CAB425C6C62100DDE87F /* LaunchScreen.storyboard */,
			);
			path = Storyboards;
			sourceTree = "<group>";
		};
		A2A0CACA25C6C84500DDE87F /* Core Tabs */ = {
			isa = PBXGroup;
			children = (
				A2A0CAAD25C6C61B00DDE87F /* HomeViewController.swift */,
				A2A0CAC225C6C7DE00DDE87F /* ExploreViewController.swift */,
				A2A0CAC425C6C80C00DDE87F /* CameraViewController.swift */,
				A2A0CAC625C6C82300DDE87F /* NotificationViewController.swift */,
				A2A0CAC825C6C83000DDE87F /* ProfileViewController.swift */,
			);
			path = "Core Tabs";
			sourceTree = "<group>";
		};
		A2A0CACB25C6C87E00DDE87F /* Other */ = {
			isa = PBXGroup;
			children = (
				A2A0CACC25C6C88800DDE87F /* Onboarding */,
				A2A0CAE425C6E09E00DDE87F /* General */,
			);
			path = Other;
			sourceTree = "<group>";
		};
		A2A0CACC25C6C88800DDE87F /* Onboarding */ = {
			isa = PBXGroup;
			children = (
				A2A0CACD25C6C8B300DDE87F /* LoginViewController.swift */,
				A2A0CACF25C6C8CD00DDE87F /* RegistrationViewController.swift */,
			);
			path = Onboarding;
			sourceTree = "<group>";
		};
		A2A0CAE425C6E09E00DDE87F /* General */ = {
			isa = PBXGroup;
			children = (
				A2A0CAD525C6C94C00DDE87F /* SettingsViewController.swift */,
				A2A0CAD125C6C90600DDE87F /* PostViewController.swift */,
				A2A0CAD325C6C93B00DDE87F /* EditProfileViewController.swift */,
				A2A0CAD725C6C95D00DDE87F /* ListViewController.swift */,
				A2A0CAD925C6C96E00DDE87F /* SearchViewController.swift */,
				A2A0CADB25C6C98800DDE87F /* SearchResultViewController.swift */,
				A2A0CADD25C6C9C400DDE87F /* PostEditorViewController.swift */,
				A2A0CADF25C6C9DD00DDE87F /* PublishPostViewController.swift */,
			);
			path = General;
			sourceTree = "<group>";
		};
/* End PBXGroup section */

/* Begin PBXNativeTarget section */
		A2A0CAA525C6C61B00DDE87F /* cloneInstagram */ = {
			isa = PBXNativeTarget;
			buildConfigurationList = A2A0CABA25C6C62100DDE87F /* Build configuration list for PBXNativeTarget "cloneInstagram" */;
			buildPhases = (
				2AD5F8A0C66138A6DF0B74A8 /* [CP] Check Pods Manifest.lock */,
				A2A0CAA225C6C61B00DDE87F /* Sources */,
				A2A0CAA325C6C61B00DDE87F /* Frameworks */,
				A2A0CAA425C6C61B00DDE87F /* Resources */,
				8A91599D122E0A13C13B3239 /* [CP] Embed Pods Frameworks */,
			);
			buildRules = (
			);
			dependencies = (
			);
			name = cloneInstagram;
			productName = cloneInstagram;
			productReference = A2A0CAA625C6C61B00DDE87F /* cloneInstagram.app */;
			productType = "com.apple.product-type.application";
		};
/* End PBXNativeTarget section */

/* Begin PBXProject section */
		A2A0CA9E25C6C61B00DDE87F /* Project object */ = {
			isa = PBXProject;
			attributes = {
				LastSwiftUpdateCheck = 1140;
				LastUpgradeCheck = 1140;
				ORGANIZATIONNAME = Syimyk;
				TargetAttributes = {
					A2A0CAA525C6C61B00DDE87F = {
						CreatedOnToolsVersion = 11.4.1;
					};
				};
			};
			buildConfigurationList = A2A0CAA125C6C61B00DDE87F /* Build configuration list for PBXProject "cloneInstagram" */;
			compatibilityVersion = "Xcode 9.3";
			developmentRegion = en;
			hasScannedForEncodings = 0;
			knownRegions = (
				en,
				Base,
			);
			mainGroup = A2A0CA9D25C6C61B00DDE87F;
			productRefGroup = A2A0CAA725C6C61B00DDE87F /* Products */;
			projectDirPath = "";
			projectRoot = "";
			targets = (
				A2A0CAA525C6C61B00DDE87F /* cloneInstagram */,
			);
		};
/* End PBXProject section */

/* Begin PBXResourcesBuildPhase section */
		A2A0CAA425C6C61B00DDE87F /* Resources */ = {
			isa = PBXResourcesBuildPhase;
			buildActionMask = 2147483647;
			files = (
				A2A0CAB625C6C62100DDE87F /* LaunchScreen.storyboard in Resources */,
				A2B9387825C7C91400011B81 /* GoogleService-Info.plist in Resources */,
				A2A0CAB325C6C62100DDE87F /* Assets.xcassets in Resources */,
				A2A0CAB125C6C61B00DDE87F /* Main.storyboard in Resources */,
			);
			runOnlyForDeploymentPostprocessing = 0;
		};
/* End PBXResourcesBuildPhase section */

/* Begin PBXShellScriptBuildPhase section */
		2AD5F8A0C66138A6DF0B74A8 /* [CP] Check Pods Manifest.lock */ = {
			isa = PBXShellScriptBuildPhase;
			buildActionMask = 2147483647;
			files = (
			);
			inputFileListPaths = (
			);
			inputPaths = (
				"${PODS_PODFILE_DIR_PATH}/Podfile.lock",
				"${PODS_ROOT}/Manifest.lock",
			);
			name = "[CP] Check Pods Manifest.lock";
			outputFileListPaths = (
			);
			outputPaths = (
				"$(DERIVED_FILE_DIR)/Pods-cloneInstagram-checkManifestLockResult.txt",
			);
			runOnlyForDeploymentPostprocessing = 0;
			shellPath = /bin/sh;
			shellScript = "diff \"${PODS_PODFILE_DIR_PATH}/Podfile.lock\" \"${PODS_ROOT}/Manifest.lock\" > /dev/null\nif [ $? != 0 ] ; then\n    # print error to STDERR\n    echo \"error: The sandbox is not in sync with the Podfile.lock. Run 'pod install' or update your CocoaPods installation.\" >&2\n    exit 1\nfi\n# This output is used by Xcode 'outputs' to avoid re-running this script phase.\necho \"SUCCESS\" > \"${SCRIPT_OUTPUT_FILE_0}\"\n";
			showEnvVarsInLog = 0;
		};
		8A91599D122E0A13C13B3239 /* [CP] Embed Pods Frameworks */ = {
			isa = PBXShellScriptBuildPhase;
			buildActionMask = 2147483647;
			files = (
			);
			inputFileListPaths = (
				"${PODS_ROOT}/Target Support Files/Pods-cloneInstagram/Pods-cloneInstagram-frameworks-${CONFIGURATION}-input-files.xcfilelist",
			);
			name = "[CP] Embed Pods Frameworks";
			outputFileListPaths = (
				"${PODS_ROOT}/Target Support Files/Pods-cloneInstagram/Pods-cloneInstagram-frameworks-${CONFIGURATION}-output-files.xcfilelist",
			);
			runOnlyForDeploymentPostprocessing = 0;
			shellPath = /bin/sh;
			shellScript = "\"${PODS_ROOT}/Target Support Files/Pods-cloneInstagram/Pods-cloneInstagram-frameworks.sh\"\n";
			showEnvVarsInLog = 0;
		};
/* End PBXShellScriptBuildPhase section */

/* Begin PBXSourcesBuildPhase section */
		A2A0CAA225C6C61B00DDE87F /* Sources */ = {
			isa = PBXSourcesBuildPhase;
			buildActionMask = 2147483647;
			files = (
				A2A0CAD425C6C93B00DDE87F /* EditProfileViewController.swift in Sources */,
				A2A0CAC325C6C7DE00DDE87F /* ExploreViewController.swift in Sources */,
				A2A0CAE025C6C9DD00DDE87F /* PublishPostViewController.swift in Sources */,
				A2A0CAC525C6C80C00DDE87F /* CameraViewController.swift in Sources */,
				A2A0CAC725C6C82300DDE87F /* NotificationViewController.swift in Sources */,
				A2A0CAD025C6C8CD00DDE87F /* RegistrationViewController.swift in Sources */,
				A296F6B825D78E100032F1F7 /* IGFeedPostHeaderTableViewCell.swift in Sources */,
				A2A0CADE25C6C9C400DDE87F /* PostEditorViewController.swift in Sources */,
				A2B9387E25C7CB1A00011B81 /* StorageManager.swift in Sources */,
				A2A0CAD225C6C90600DDE87F /* PostViewController.swift in Sources */,
				A2B9387A25C7C9A000011B81 /* DataBaseManager.swift in Sources */,
				A2A0CAAE25C6C61B00DDE87F /* HomeViewController.swift in Sources */,
				A296F6B525D78A060032F1F7 /* IGFeedPostTableViewCell.swift in Sources */,
				A2A0CADC25C6C98800DDE87F /* SearchResultViewController.swift in Sources */,
				A2A0CACE25C6C8B300DDE87F /* LoginViewController.swift in Sources */,
				A2B9388025C7D2D100011B81 /* Extensions.swift in Sources */,
				A296F6BC25D78E9B0032F1F7 /* IGFeedPostGeneralTableViewCell.swift in Sources */,
				A2A0CADA25C6C96E00DDE87F /* SearchViewController.swift in Sources */,
				A2A0CAC925C6C83000DDE87F /* ProfileViewController.swift in Sources */,
				A2B9387C25C7CAAF00011B81 /* AuthManager.swift in Sources */,
				A2A0CAAA25C6C61B00DDE87F /* AppDelegate.swift in Sources */,
				A2A0CAAC25C6C61B00DDE87F /* SceneDelegate.swift in Sources */,
				A296F6BA25D78E4D0032F1F7 /* IGFeedPostActionsTableViewCell.swift in Sources */,
				A2A0CAD825C6C95D00DDE87F /* ListViewController.swift in Sources */,
				A2A0CAD625C6C94C00DDE87F /* SettingsViewController.swift in Sources */,
			);
			runOnlyForDeploymentPostprocessing = 0;
		};
/* End PBXSourcesBuildPhase section */

/* Begin PBXVariantGroup section */
		A2A0CAAF25C6C61B00DDE87F /* Main.storyboard */ = {
			isa = PBXVariantGroup;
			children = (
				A2A0CAB025C6C61B00DDE87F /* Base */,
			);
			name = Main.storyboard;
			sourceTree = "<group>";
		};
		A2A0CAB425C6C62100DDE87F /* LaunchScreen.storyboard */ = {
			isa = PBXVariantGroup;
			children = (
				A2A0CAB525C6C62100DDE87F /* Base */,
			);
			name = LaunchScreen.storyboard;
			sourceTree = "<group>";
		};
/* End PBXVariantGroup section */

/* Begin XCBuildConfiguration section */
		A2A0CAB825C6C62100DDE87F /* Debug */ = {
			isa = XCBuildConfiguration;
			buildSettings = {
				ALWAYS_SEARCH_USER_PATHS = NO;
				CLANG_ANALYZER_NONNULL = YES;
				CLANG_ANALYZER_NUMBER_OBJECT_CONVERSION = YES_AGGRESSIVE;
				CLANG_CXX_LANGUAGE_STANDARD = "gnu++14";
				CLANG_CXX_LIBRARY = "libc++";
				CLANG_ENABLE_MODULES = YES;
				CLANG_ENABLE_OBJC_ARC = YES;
				CLANG_ENABLE_OBJC_WEAK = YES;
				CLANG_WARN_BLOCK_CAPTURE_AUTORELEASING = YES;
				CLANG_WARN_BOOL_CONVERSION = YES;
				CLANG_WARN_COMMA = YES;
				CLANG_WARN_CONSTANT_CONVERSION = YES;
				CLANG_WARN_DEPRECATED_OBJC_IMPLEMENTATIONS = YES;
				CLANG_WARN_DIRECT_OBJC_ISA_USAGE = YES_ERROR;
				CLANG_WARN_DOCUMENTATION_COMMENTS = YES;
				CLANG_WARN_EMPTY_BODY = YES;
				CLANG_WARN_ENUM_CONVERSION = YES;
				CLANG_WARN_INFINITE_RECURSION = YES;
				CLANG_WARN_INT_CONVERSION = YES;
				CLANG_WARN_NON_LITERAL_NULL_CONVERSION = YES;
				CLANG_WARN_OBJC_IMPLICIT_RETAIN_SELF = YES;
				CLANG_WARN_OBJC_LITERAL_CONVERSION = YES;
				CLANG_WARN_OBJC_ROOT_CLASS = YES_ERROR;
				CLANG_WARN_RANGE_LOOP_ANALYSIS = YES;
				CLANG_WARN_STRICT_PROTOTYPES = YES;
				CLANG_WARN_SUSPICIOUS_MOVE = YES;
				CLANG_WARN_UNGUARDED_AVAILABILITY = YES_AGGRESSIVE;
				CLANG_WARN_UNREACHABLE_CODE = YES;
				CLANG_WARN__DUPLICATE_METHOD_MATCH = YES;
				COPY_PHASE_STRIP = NO;
				DEBUG_INFORMATION_FORMAT = dwarf;
				ENABLE_STRICT_OBJC_MSGSEND = YES;
				ENABLE_TESTABILITY = YES;
				GCC_C_LANGUAGE_STANDARD = gnu11;
				GCC_DYNAMIC_NO_PIC = NO;
				GCC_NO_COMMON_BLOCKS = YES;
				GCC_OPTIMIZATION_LEVEL = 0;
				GCC_PREPROCESSOR_DEFINITIONS = (
					"DEBUG=1",
					"$(inherited)",
				);
				GCC_WARN_64_TO_32_BIT_CONVERSION = YES;
				GCC_WARN_ABOUT_RETURN_TYPE = YES_ERROR;
				GCC_WARN_UNDECLARED_SELECTOR = YES;
				GCC_WARN_UNINITIALIZED_AUTOS = YES_AGGRESSIVE;
				GCC_WARN_UNUSED_FUNCTION = YES;
				GCC_WARN_UNUSED_VARIABLE = YES;
				IPHONEOS_DEPLOYMENT_TARGET = 13.4;
				MTL_ENABLE_DEBUG_INFO = INCLUDE_SOURCE;
				MTL_FAST_MATH = YES;
				ONLY_ACTIVE_ARCH = YES;
				SDKROOT = iphoneos;
				SWIFT_ACTIVE_COMPILATION_CONDITIONS = DEBUG;
				SWIFT_OPTIMIZATION_LEVEL = "-Onone";
			};
			name = Debug;
		};
		A2A0CAB925C6C62100DDE87F /* Release */ = {
			isa = XCBuildConfiguration;
			buildSettings = {
				ALWAYS_SEARCH_USER_PATHS = NO;
				CLANG_ANALYZER_NONNULL = YES;
				CLANG_ANALYZER_NUMBER_OBJECT_CONVERSION = YES_AGGRESSIVE;
				CLANG_CXX_LANGUAGE_STANDARD = "gnu++14";
				CLANG_CXX_LIBRARY = "libc++";
				CLANG_ENABLE_MODULES = YES;
				CLANG_ENABLE_OBJC_ARC = YES;
				CLANG_ENABLE_OBJC_WEAK = YES;
				CLANG_WARN_BLOCK_CAPTURE_AUTORELEASING = YES;
				CLANG_WARN_BOOL_CONVERSION = YES;
				CLANG_WARN_COMMA = YES;
				CLANG_WARN_CONSTANT_CONVERSION = YES;
				CLANG_WARN_DEPRECATED_OBJC_IMPLEMENTATIONS = YES;
				CLANG_WARN_DIRECT_OBJC_ISA_USAGE = YES_ERROR;
				CLANG_WARN_DOCUMENTATION_COMMENTS = YES;
				CLANG_WARN_EMPTY_BODY = YES;
				CLANG_WARN_ENUM_CONVERSION = YES;
				CLANG_WARN_INFINITE_RECURSION = YES;
				CLANG_WARN_INT_CONVERSION = YES;
				CLANG_WARN_NON_LITERAL_NULL_CONVERSION = YES;
				CLANG_WARN_OBJC_IMPLICIT_RETAIN_SELF = YES;
				CLANG_WARN_OBJC_LITERAL_CONVERSION = YES;
				CLANG_WARN_OBJC_ROOT_CLASS = YES_ERROR;
				CLANG_WARN_RANGE_LOOP_ANALYSIS = YES;
				CLANG_WARN_STRICT_PROTOTYPES = YES;
				CLANG_WARN_SUSPICIOUS_MOVE = YES;
				CLANG_WARN_UNGUARDED_AVAILABILITY = YES_AGGRESSIVE;
				CLANG_WARN_UNREACHABLE_CODE = YES;
				CLANG_WARN__DUPLICATE_METHOD_MATCH = YES;
				COPY_PHASE_STRIP = NO;
				DEBUG_INFORMATION_FORMAT = "dwarf-with-dsym";
				ENABLE_NS_ASSERTIONS = NO;
				ENABLE_STRICT_OBJC_MSGSEND = YES;
				GCC_C_LANGUAGE_STANDARD = gnu11;
				GCC_NO_COMMON_BLOCKS = YES;
				GCC_WARN_64_TO_32_BIT_CONVERSION = YES;
				GCC_WARN_ABOUT_RETURN_TYPE = YES_ERROR;
				GCC_WARN_UNDECLARED_SELECTOR = YES;
				GCC_WARN_UNINITIALIZED_AUTOS = YES_AGGRESSIVE;
				GCC_WARN_UNUSED_FUNCTION = YES;
				GCC_WARN_UNUSED_VARIABLE = YES;
				IPHONEOS_DEPLOYMENT_TARGET = 13.4;
				MTL_ENABLE_DEBUG_INFO = NO;
				MTL_FAST_MATH = YES;
				SDKROOT = iphoneos;
				SWIFT_COMPILATION_MODE = wholemodule;
				SWIFT_OPTIMIZATION_LEVEL = "-O";
				VALIDATE_PRODUCT = YES;
			};
			name = Release;
		};
		A2A0CABB25C6C62100DDE87F /* Debug */ = {
			isa = XCBuildConfiguration;
			baseConfigurationReference = 428391C1F4693FED49257F1B /* Pods-cloneInstagram.debug.xcconfig */;
			buildSettings = {
				ASSETCATALOG_COMPILER_APPICON_NAME = AppIcon;
				CODE_SIGN_STYLE = Automatic;
				INFOPLIST_FILE = cloneInstagram/Info.plist;
				IPHONEOS_DEPLOYMENT_TARGET = 13.0;
				LD_RUNPATH_SEARCH_PATHS = (
					"$(inherited)",
					"@executable_path/Frameworks",
				);
				PRODUCT_BUNDLE_IDENTIFIER = co.syimyk.cloneInstagram;
				PRODUCT_NAME = "$(TARGET_NAME)";
				SWIFT_VERSION = 5.0;
				TARGETED_DEVICE_FAMILY = "1,2";
			};
			name = Debug;
		};
		A2A0CABC25C6C62100DDE87F /* Release */ = {
			isa = XCBuildConfiguration;
			baseConfigurationReference = C45E8BF45EB456217595A417 /* Pods-cloneInstagram.release.xcconfig */;
			buildSettings = {
				ASSETCATALOG_COMPILER_APPICON_NAME = AppIcon;
				CODE_SIGN_STYLE = Automatic;
				INFOPLIST_FILE = cloneInstagram/Info.plist;
				IPHONEOS_DEPLOYMENT_TARGET = 13.0;
				LD_RUNPATH_SEARCH_PATHS = (
					"$(inherited)",
					"@executable_path/Frameworks",
				);
				PRODUCT_BUNDLE_IDENTIFIER = co.syimyk.cloneInstagram;
				PRODUCT_NAME = "$(TARGET_NAME)";
				SWIFT_VERSION = 5.0;
				TARGETED_DEVICE_FAMILY = "1,2";
			};
			name = Release;
		};
/* End XCBuildConfiguration section */

/* Begin XCConfigurationList section */
		A2A0CAA125C6C61B00DDE87F /* Build configuration list for PBXProject "cloneInstagram" */ = {
			isa = XCConfigurationList;
			buildConfigurations = (
				A2A0CAB825C6C62100DDE87F /* Debug */,
				A2A0CAB925C6C62100DDE87F /* Release */,
			);
			defaultConfigurationIsVisible = 0;
			defaultConfigurationName = Release;
		};
		A2A0CABA25C6C62100DDE87F /* Build configuration list for PBXNativeTarget "cloneInstagram" */ = {
			isa = XCConfigurationList;
			buildConfigurations = (
				A2A0CABB25C6C62100DDE87F /* Debug */,
				A2A0CABC25C6C62100DDE87F /* Release */,
			);
			defaultConfigurationIsVisible = 0;
			defaultConfigurationName = Release;
		};
/* End XCConfigurationList section */
	};
	rootObject = A2A0CA9E25C6C61B00DDE87F /* Project object */;
}
